
Microsoft Visual Studio Solution File, Format Version 12.00
Project("{FAE04EC0-301F-11D3-BF4B-00C04F79EFBC}") = "RAG_Basic", "RAG_Basic\RAG_Basic.csproj", "{D1820886-98C4-4A01-A60D-74D8BFB7B292}"
EndProject
Global
	GlobalSection(SolutionConfigurationPlatforms) = preSolution
		Debug|Any CPU = Debug|Any CPU
		Release|Any CPU = Release|Any CPU
	EndGlobalSection
	GlobalSection(ProjectConfigurationPlatforms) = postSolution
		{D1820886-98C4-4A01-A60D-74D8BFB7B292}.Debug|Any CPU.ActiveCfg = Debug|Any CPU
		{D1820886-98C4-4A01-A60D-74D8BFB7B292}.Debug|Any CPU.Build.0 = Debug|Any CPU
		{D1820886-98C4-4A01-A60D-74D8BFB7B292}.Release|Any CPU.ActiveCfg = Release|Any CPU
		{D1820886-98C4-4A01-A60D-74D8BFB7B292}.Release|Any CPU.Build.0 = Release|Any CPU
	EndGlobalSection
EndGlobal
