
Microsoft Visual Studio Solution File, Format Version 12.00
Project("{FAE04EC0-301F-11D3-BF4B-00C04F79EFBC}") = "Basic", "Basic\Basic.csproj", "{D1820886-98C4-4A01-A60D-74D8BFB7B292}"
EndProject
Project("{FAE04EC0-301F-11D3-BF4B-00C04F79EFBC}") = "Helpers", "Helpers\Helpers.csproj", "{499308C3-5912-4B30-8E9A-1A1C099BAB5B}"
EndProject
Project("{FAE04EC0-301F-11D3-BF4B-00C04F79EFBC}") = "SelfQueryRetriever", "SelfQueryRetriever\SelfQueryRetriever.csproj", "{0A8C5498-649E-4CBD-AE4D-D376B188E563}"
EndProject
Project("{FAE04EC0-301F-11D3-BF4B-00C04F79EFBC}") = "ParentDocumentRetriever", "ParentDocumentRetriever\ParentDocumentRetriever.csproj", "{2CD9DFDA-5568-4260-A6D8-86950F484276}"
EndProject
Project("{FAE04EC0-301F-11D3-BF4B-00C04F79EFBC}") = "MultiVector", "MultiVector\MultiVector.csproj", "{ED1291DC-FCF5-4E4D-9F00-80BCEC0CEB73}"
EndProject
Global
	GlobalSection(SolutionConfigurationPlatforms) = preSolution
		Debug|Any CPU = Debug|Any CPU
		Release|Any CPU = Release|Any CPU
	EndGlobalSection
	GlobalSection(ProjectConfigurationPlatforms) = postSolution
		{D1820886-98C4-4A01-A60D-74D8BFB7B292}.Debug|Any CPU.ActiveCfg = Debug|Any CPU
		{D1820886-98C4-4A01-A60D-74D8BFB7B292}.Debug|Any CPU.Build.0 = Debug|Any CPU
		{D1820886-98C4-4A01-A60D-74D8BFB7B292}.Release|Any CPU.ActiveCfg = Release|Any CPU
		{D1820886-98C4-4A01-A60D-74D8BFB7B292}.Release|Any CPU.Build.0 = Release|Any CPU
		{499308C3-5912-4B30-8E9A-1A1C099BAB5B}.Debug|Any CPU.ActiveCfg = Debug|Any CPU
		{499308C3-5912-4B30-8E9A-1A1C099BAB5B}.Debug|Any CPU.Build.0 = Debug|Any CPU
		{499308C3-5912-4B30-8E9A-1A1C099BAB5B}.Release|Any CPU.ActiveCfg = Release|Any CPU
		{499308C3-5912-4B30-8E9A-1A1C099BAB5B}.Release|Any CPU.Build.0 = Release|Any CPU
		{0A8C5498-649E-4CBD-AE4D-D376B188E563}.Debug|Any CPU.ActiveCfg = Debug|Any CPU
		{0A8C5498-649E-4CBD-AE4D-D376B188E563}.Debug|Any CPU.Build.0 = Debug|Any CPU
		{0A8C5498-649E-4CBD-AE4D-D376B188E563}.Release|Any CPU.ActiveCfg = Release|Any CPU
		{0A8C5498-649E-4CBD-AE4D-D376B188E563}.Release|Any CPU.Build.0 = Release|Any CPU
		{2CD9DFDA-5568-4260-A6D8-86950F484276}.Debug|Any CPU.ActiveCfg = Debug|Any CPU
		{2CD9DFDA-5568-4260-A6D8-86950F484276}.Debug|Any CPU.Build.0 = Debug|Any CPU
		{2CD9DFDA-5568-4260-A6D8-86950F484276}.Release|Any CPU.ActiveCfg = Release|Any CPU
		{2CD9DFDA-5568-4260-A6D8-86950F484276}.Release|Any CPU.Build.0 = Release|Any CPU
		{ED1291DC-FCF5-4E4D-9F00-80BCEC0CEB73}.Debug|Any CPU.ActiveCfg = Debug|Any CPU
		{ED1291DC-FCF5-4E4D-9F00-80BCEC0CEB73}.Debug|Any CPU.Build.0 = Debug|Any CPU
		{ED1291DC-FCF5-4E4D-9F00-80BCEC0CEB73}.Release|Any CPU.ActiveCfg = Release|Any CPU
		{ED1291DC-FCF5-4E4D-9F00-80BCEC0CEB73}.Release|Any CPU.Build.0 = Release|Any CPU
	EndGlobalSection
EndGlobal
